
Microsoft Visual Studio Solution File, Format Version 12.00
Project("{FAE04EC0-301F-11D3-BF4B-00C04F79EFBC}") = "FirstAPI", "FirstAPI\FirstAPI.csproj", "{96E5B0A0-9693-47B8-AA01-5F0E92474617}"
EndProject
Project("{2150E333-8FDC-42A3-9474-1A3956D46DE8}") = "Core", "Core", "{70790A6A-4ADE-4A81-9D63-B6F09F654506}"
EndProject
Project("{2150E333-8FDC-42A3-9474-1A3956D46DE8}") = "DataAccess", "DataAccess", "{465AB0C5-3D48-4E0E-B088-95D2A1EC515A}"
EndProject
Project("{2150E333-8FDC-42A3-9474-1A3956D46DE8}") = "EndPoint", "EndPoint", "{5FFD8553-D138-480A-8096-B7D3FBF552D6}"
EndProject
Project("{FAE04EC0-301F-11D3-BF4B-00C04F79EFBC}") = "Contracts", "Contracts\Contracts.csproj", "{27ADDAD0-86FD-48E1-90E2-6BE57B80174C}"
EndProject
Project("{FAE04EC0-301F-11D3-BF4B-00C04F79EFBC}") = "Entities", "Entities\Entities.csproj", "{D10C8338-6570-494A-9E71-C7629C080426}"
EndProject
Project("{FAE04EC0-301F-11D3-BF4B-00C04F79EFBC}") = "Services", "Services\Services.csproj", "{DFCFACE0-748E-4413-8FF9-F9F8859F30FB}"
EndProject
Project("{FAE04EC0-301F-11D3-BF4B-00C04F79EFBC}") = "EFCore", "EFCore\EFCore.csproj", "{4C4B5BC8-9974-4F6E-8691-03DE9C3F188C}"
EndProject
Project("{2150E333-8FDC-42A3-9474-1A3956D46DE8}") = "UnitTest", "UnitTest", "{A6BA6B7B-AD79-4CCF-A8D1-6C17AC23CA32}"
EndProject
Global
	GlobalSection(SolutionConfigurationPlatforms) = preSolution
		Debug|Any CPU = Debug|Any CPU
		Release|Any CPU = Release|Any CPU
	EndGlobalSection
	GlobalSection(ProjectConfigurationPlatforms) = postSolution
		{96E5B0A0-9693-47B8-AA01-5F0E92474617}.Debug|Any CPU.ActiveCfg = Debug|Any CPU
		{96E5B0A0-9693-47B8-AA01-5F0E92474617}.Debug|Any CPU.Build.0 = Debug|Any CPU
		{96E5B0A0-9693-47B8-AA01-5F0E92474617}.Release|Any CPU.ActiveCfg = Release|Any CPU
		{96E5B0A0-9693-47B8-AA01-5F0E92474617}.Release|Any CPU.Build.0 = Release|Any CPU
		{27ADDAD0-86FD-48E1-90E2-6BE57B80174C}.Debug|Any CPU.ActiveCfg = Debug|Any CPU
		{27ADDAD0-86FD-48E1-90E2-6BE57B80174C}.Debug|Any CPU.Build.0 = Debug|Any CPU
		{27ADDAD0-86FD-48E1-90E2-6BE57B80174C}.Release|Any CPU.ActiveCfg = Release|Any CPU
		{27ADDAD0-86FD-48E1-90E2-6BE57B80174C}.Release|Any CPU.Build.0 = Release|Any CPU
		{D10C8338-6570-494A-9E71-C7629C080426}.Debug|Any CPU.ActiveCfg = Debug|Any CPU
		{D10C8338-6570-494A-9E71-C7629C080426}.Debug|Any CPU.Build.0 = Debug|Any CPU
		{D10C8338-6570-494A-9E71-C7629C080426}.Release|Any CPU.ActiveCfg = Release|Any CPU
		{D10C8338-6570-494A-9E71-C7629C080426}.Release|Any CPU.Build.0 = Release|Any CPU
		{DFCFACE0-748E-4413-8FF9-F9F8859F30FB}.Debug|Any CPU.ActiveCfg = Debug|Any CPU
		{DFCFACE0-748E-4413-8FF9-F9F8859F30FB}.Debug|Any CPU.Build.0 = Debug|Any CPU
		{DFCFACE0-748E-4413-8FF9-F9F8859F30FB}.Release|Any CPU.ActiveCfg = Release|Any CPU
		{DFCFACE0-748E-4413-8FF9-F9F8859F30FB}.Release|Any CPU.Build.0 = Release|Any CPU
		{4C4B5BC8-9974-4F6E-8691-03DE9C3F188C}.Debug|Any CPU.ActiveCfg = Debug|Any CPU
		{4C4B5BC8-9974-4F6E-8691-03DE9C3F188C}.Debug|Any CPU.Build.0 = Debug|Any CPU
		{4C4B5BC8-9974-4F6E-8691-03DE9C3F188C}.Release|Any CPU.ActiveCfg = Release|Any CPU
		{4C4B5BC8-9974-4F6E-8691-03DE9C3F188C}.Release|Any CPU.Build.0 = Release|Any CPU
	EndGlobalSection
	GlobalSection(NestedProjects) = preSolution
		{27ADDAD0-86FD-48E1-90E2-6BE57B80174C} = {70790A6A-4ADE-4A81-9D63-B6F09F654506}
		{D10C8338-6570-494A-9E71-C7629C080426} = {70790A6A-4ADE-4A81-9D63-B6F09F654506}
		{DFCFACE0-748E-4413-8FF9-F9F8859F30FB} = {70790A6A-4ADE-4A81-9D63-B6F09F654506}
		{96E5B0A0-9693-47B8-AA01-5F0E92474617} = {5FFD8553-D138-480A-8096-B7D3FBF552D6}
		{4C4B5BC8-9974-4F6E-8691-03DE9C3F188C} = {465AB0C5-3D48-4E0E-B088-95D2A1EC515A}
	EndGlobalSection
EndGlobal
